
Microsoft Visual Studio Solution File, Format Version 12.00
# Visual Studio 15
VisualStudioVersion = 15.0.27130.2027
MinimumVisualStudioVersion = 10.0.40219.1
Project("{FAE04EC0-301F-11D3-BF4B-00C04F79EFBC}") = "Garage", "Garage\Garage.csproj", "{73B498FE-B27F-4FF4-9C04-2FD2254E2902}"
EndProject
Global
	GlobalSection(SolutionConfigurationPlatforms) = preSolution
		Debug|Any CPU = Debug|Any CPU
		Release|Any CPU = Release|Any CPU
	EndGlobalSection
	GlobalSection(ProjectConfigurationPlatforms) = postSolution
		{73B498FE-B27F-4FF4-9C04-2FD2254E2902}.Debug|Any CPU.ActiveCfg = Debug|Any CPU
		{73B498FE-B27F-4FF4-9C04-2FD2254E2902}.Debug|Any CPU.Build.0 = Debug|Any CPU
		{73B498FE-B27F-4FF4-9C04-2FD2254E2902}.Release|Any CPU.ActiveCfg = Release|Any CPU
		{73B498FE-B27F-4FF4-9C04-2FD2254E2902}.Release|Any CPU.Build.0 = Release|Any CPU
	EndGlobalSection
	GlobalSection(SolutionProperties) = preSolution
		HideSolutionNode = FALSE
	EndGlobalSection
	GlobalSection(ExtensibilityGlobals) = postSolution
		SolutionGuid = {D1B7E456-7592-4260-8819-1F1142A4C989}
	EndGlobalSection
EndGlobal
